
Microsoft Visual Studio Solution File, Format Version 11.00
# Visual Studio 2010
Project("{FAE04EC0-301F-11D3-BF4B-00C04F79EFBC}") = "LinkGame", "LinkGame\LinkGame\LinkGame.csproj", "{322B8CB1-AFC2-4CF3-8A61-2A9D2BE19FB6}"
EndProject
Project("{96E2B04D-8817-42C6-938A-82C39BA4D311}") = "LinkGameContent", "LinkGame\LinkGameContent\LinkGameContent.contentproj", "{621D8484-24D6-4349-8D84-E6DBBE823D51}"
EndProject
Global
	GlobalSection(SolutionConfigurationPlatforms) = preSolution
		Debug|x86 = Debug|x86
		Release|x86 = Release|x86
	EndGlobalSection
	GlobalSection(ProjectConfigurationPlatforms) = postSolution
		{322B8CB1-AFC2-4CF3-8A61-2A9D2BE19FB6}.Debug|x86.ActiveCfg = Debug|x86
		{322B8CB1-AFC2-4CF3-8A61-2A9D2BE19FB6}.Debug|x86.Build.0 = Debug|x86
		{322B8CB1-AFC2-4CF3-8A61-2A9D2BE19FB6}.Release|x86.ActiveCfg = Release|x86
		{322B8CB1-AFC2-4CF3-8A61-2A9D2BE19FB6}.Release|x86.Build.0 = Release|x86
		{621D8484-24D6-4349-8D84-E6DBBE823D51}.Debug|x86.ActiveCfg = Debug|x86
		{621D8484-24D6-4349-8D84-E6DBBE823D51}.Release|x86.ActiveCfg = Release|x86
	EndGlobalSection
	GlobalSection(SolutionProperties) = preSolution
		HideSolutionNode = FALSE
	EndGlobalSection
EndGlobal
